// !$*UTF8*$!
{
	archiveVersion = 1;
	classes = {
	};
	objectVersion = 50;
	objects = {

/* Begin PBXBuildFile section */
		04FCDEF42225078A008FC161 /* AppDelegate.swift in Sources */ = {isa = PBXBuildFile; fileRef = 04FCDEF32225078A008FC161 /* AppDelegate.swift */; };
		04FCDEF62225078A008FC161 /* ViewController.swift in Sources */ = {isa = PBXBuildFile; fileRef = 04FCDEF52225078A008FC161 /* ViewController.swift */; };
		04FCDEF92225078A008FC161 /* Main.storyboard in Resources */ = {isa = PBXBuildFile; fileRef = 04FCDEF72225078A008FC161 /* Main.storyboard */; };
		04FCDEFB2225078B008FC161 /* Assets.xcassets in Resources */ = {isa = PBXBuildFile; fileRef = 04FCDEFA2225078B008FC161 /* Assets.xcassets */; };
		04FCDEFE2225078B008FC161 /* LaunchScreen.storyboard in Resources */ = {isa = PBXBuildFile; fileRef = 04FCDEFC2225078B008FC161 /* LaunchScreen.storyboard */; };
		04FCDF062225084B008FC161 /* MainPageViewController.swift in Sources */ = {isa = PBXBuildFile; fileRef = 04FCDF052225084B008FC161 /* MainPageViewController.swift */; };
		04FCDF0822250868008FC161 /* FirstPageTableViewController.swift in Sources */ = {isa = PBXBuildFile; fileRef = 04FCDF0722250868008FC161 /* FirstPageTableViewController.swift */; };
		04FCDF0A2225087F008FC161 /* SecondPageViewController.swift in Sources */ = {isa = PBXBuildFile; fileRef = 04FCDF092225087F008FC161 /* SecondPageViewController.swift */; };
		04FCDF0C22250897008FC161 /* ThirdViewController.swift in Sources */ = {isa = PBXBuildFile; fileRef = 04FCDF0B22250897008FC161 /* ThirdViewController.swift */; };
		04FCDF0E2225187F008FC161 /* customFirstPageTableViewCell.swift in Sources */ = {isa = PBXBuildFile; fileRef = 04FCDF0D2225187F008FC161 /* customFirstPageTableViewCell.swift */; };
/* End PBXBuildFile section */

/* Begin PBXFileReference section */
		04FCDEF02225078A008FC161 /* CmileTest.app */ = {isa = PBXFileReference; explicitFileType = wrapper.application; includeInIndex = 0; path = CmileTest.app; sourceTree = BUILT_PRODUCTS_DIR; };
		04FCDEF32225078A008FC161 /* AppDelegate.swift */ = {isa = PBXFileReference; lastKnownFileType = sourcecode.swift; path = AppDelegate.swift; sourceTree = "<group>"; };
		04FCDEF52225078A008FC161 /* ViewController.swift */ = {isa = PBXFileReference; lastKnownFileType = sourcecode.swift; path = ViewController.swift; sourceTree = "<group>"; };
		04FCDEF82225078A008FC161 /* Base */ = {isa = PBXFileReference; lastKnownFileType = file.storyboard; name = Base; path = Base.lproj/Main.storyboard; sourceTree = "<group>"; };
		04FCDEFA2225078B008FC161 /* Assets.xcassets */ = {isa = PBXFileReference; lastKnownFileType = folder.assetcatalog; path = Assets.xcassets; sourceTree = "<group>"; };
		04FCDEFD2225078B008FC161 /* Base */ = {isa = PBXFileReference; lastKnownFileType = file.storyboard; name = Base; path = Base.lproj/LaunchScreen.storyboard; sourceTree = "<group>"; };
		04FCDEFF2225078B008FC161 /* Info.plist */ = {isa = PBXFileReference; lastKnownFileType = text.plist.xml; path = Info.plist; sourceTree = "<group>"; };
		04FCDF052225084B008FC161 /* MainPageViewController.swift */ = {isa = PBXFileReference; lastKnownFileType = sourcecode.swift; path = MainPageViewController.swift; sourceTree = "<group>"; };
		04FCDF0722250868008FC161 /* FirstPageTableViewController.swift */ = {isa = PBXFileReference; lastKnownFileType = sourcecode.swift; path = FirstPageTableViewController.swift; sourceTree = "<group>"; };
		04FCDF092225087F008FC161 /* SecondPageViewController.swift */ = {isa = PBXFileReference; lastKnownFileType = sourcecode.swift; path = SecondPageViewController.swift; sourceTree = "<group>"; };
		04FCDF0B22250897008FC161 /* ThirdViewController.swift */ = {isa = PBXFileReference; lastKnownFileType = sourcecode.swift; path = ThirdViewController.swift; sourceTree = "<group>"; };
		04FCDF0D2225187F008FC161 /* customFirstPageTableViewCell.swift */ = {isa = PBXFileReference; lastKnownFileType = sourcecode.swift; path = customFirstPageTableViewCell.swift; sourceTree = "<group>"; };
/* End PBXFileReference section */

/* Begin PBXFrameworksBuildPhase section */
		04FCDEED2225078A008FC161 /* Frameworks */ = {
			isa = PBXFrameworksBuildPhase;
			buildActionMask = 2147483647;
			files = (
			);
			runOnlyForDeploymentPostprocessing = 0;
		};
/* End PBXFrameworksBuildPhase section */

/* Begin PBXGroup section */
		04FCDEE72225078A008FC161 = {
			isa = PBXGroup;
			children = (
				04FCDEF22225078A008FC161 /* CmileTest */,
				04FCDEF12225078A008FC161 /* Products */,
			);
			sourceTree = "<group>";
		};
		04FCDEF12225078A008FC161 /* Products */ = {
			isa = PBXGroup;
			children = (
				04FCDEF02225078A008FC161 /* CmileTest.app */,
			);
			name = Products;
			sourceTree = "<group>";
		};
		04FCDEF22225078A008FC161 /* CmileTest */ = {
			isa = PBXGroup;
			children = (
				04FCDEF32225078A008FC161 /* AppDelegate.swift */,
				04FCDEF52225078A008FC161 /* ViewController.swift */,
				04FCDEF72225078A008FC161 /* Main.storyboard */,
				04FCDEFA2225078B008FC161 /* Assets.xcassets */,
				04FCDEFC2225078B008FC161 /* LaunchScreen.storyboard */,
				04FCDEFF2225078B008FC161 /* Info.plist */,
				04FCDF052225084B008FC161 /* MainPageViewController.swift */,
				04FCDF0722250868008FC161 /* FirstPageTableViewController.swift */,
				04FCDF092225087F008FC161 /* SecondPageViewController.swift */,
				04FCDF0B22250897008FC161 /* ThirdViewController.swift */,
				04FCDF0D2225187F008FC161 /* customFirstPageTableViewCell.swift */,
			);
			path = CmileTest;
			sourceTree = "<group>";
		};
/* End PBXGroup section */

/* Begin PBXNativeTarget section */
		04FCDEEF2225078A008FC161 /* CmileTest */ = {
			isa = PBXNativeTarget;
			buildConfigurationList = 04FCDF022225078B008FC161 /* Build configuration list for PBXNativeTarget "CmileTest" */;
			buildPhases = (
				04FCDEEC2225078A008FC161 /* Sources */,
				04FCDEED2225078A008FC161 /* Frameworks */,
				04FCDEEE2225078A008FC161 /* Resources */,
			);
			buildRules = (
			);
			dependencies = (
			);
			name = CmileTest;
			productName = CmileTest;
			productReference = 04FCDEF02225078A008FC161 /* CmileTest.app */;
			productType = "com.apple.product-type.application";
		};
/* End PBXNativeTarget section */

/* Begin PBXProject section */
		04FCDEE82225078A008FC161 /* Project object */ = {
			isa = PBXProject;
			attributes = {
				LastSwiftUpdateCheck = 0940;
				LastUpgradeCheck = 0940;
				ORGANIZATIONNAME = "Abhishek Rajanakr";
				TargetAttributes = {
					04FCDEEF2225078A008FC161 = {
						CreatedOnToolsVersion = 9.4.1;
					};
				};
			};
			buildConfigurationList = 04FCDEEB2225078A008FC161 /* Build configuration list for PBXProject "CmileTest" */;
			compatibilityVersion = "Xcode 9.3";
			developmentRegion = en;
			hasScannedForEncodings = 0;
			knownRegions = (
				en,
				Base,
			);
			mainGroup = 04FCDEE72225078A008FC161;
			productRefGroup = 04FCDEF12225078A008FC161 /* Products */;
			projectDirPath = "";
			projectRoot = "";
			targets = (
				04FCDEEF2225078A008FC161 /* CmileTest */,
			);
		};
/* End PBXProject section */

/* Begin PBXResourcesBuildPhase section */
		04FCDEEE2225078A008FC161 /* Resources */ = {
			isa = PBXResourcesBuildPhase;
			buildActionMask = 2147483647;
			files = (
				04FCDEFE2225078B008FC161 /* LaunchScreen.storyboard in Resources */,
				04FCDEFB2225078B008FC161 /* Assets.xcassets in Resources */,
				04FCDEF92225078A008FC161 /* Main.storyboard in Resources */,
			);
			runOnlyForDeploymentPostprocessing = 0;
		};
/* End PBXResourcesBuildPhase section */

/* Begin PBXSourcesBuildPhase section */
		04FCDEEC2225078A008FC161 /* Sources */ = {
			isa = PBXSourcesBuildPhase;
			buildActionMask = 2147483647;
			files = (
				04FCDEF62225078A008FC161 /* ViewController.swift in Sources */,
				04FCDF0822250868008FC161 /* FirstPageTableViewController.swift in Sources */,
				04FCDF062225084B008FC161 /* MainPageViewController.swift in Sources */,
				04FCDEF42225078A008FC161 /* AppDelegate.swift in Sources */,
				04FCDF0C22250897008FC161 /* ThirdViewController.swift in Sources */,
				04FCDF0A2225087F008FC161 /* SecondPageViewController.swift in Sources */,
				04FCDF0E2225187F008FC161 /* customFirstPageTableViewCell.swift in Sources */,
			);
			runOnlyForDeploymentPostprocessing = 0;
		};
/* End PBXSourcesBuildPhase section */

/* Begin PBXVariantGroup section */
		04FCDEF72225078A008FC161 /* Main.storyboard */ = {
			isa = PBXVariantGroup;
			children = (
				04FCDEF82225078A008FC161 /* Base */,
			);
			name = Main.storyboard;
			sourceTree = "<group>";
		};
		04FCDEFC2225078B008FC161 /* LaunchScreen.storyboard */ = {
			isa = PBXVariantGroup;
			children = (
				04FCDEFD2225078B008FC161 /* Base */,
			);
			name = LaunchScreen.storyboard;
			sourceTree = "<group>";
		};
/* End PBXVariantGroup section */

/* Begin XCBuildConfiguration section */
		04FCDF002225078B008FC161 /* Debug */ = {
			isa = XCBuildConfiguration;
			buildSettings = {
				ALWAYS_SEARCH_USER_PATHS = NO;
				CLANG_ANALYZER_NONNULL = YES;
				CLANG_ANALYZER_NUMBER_OBJECT_CONVERSION = YES_AGGRESSIVE;
				CLANG_CXX_LANGUAGE_STANDARD = "gnu++14";
				CLANG_CXX_LIBRARY = "libc++";
				CLANG_ENABLE_MODULES = YES;
				CLANG_ENABLE_OBJC_ARC = YES;
				CLANG_ENABLE_OBJC_WEAK = YES;
				CLANG_WARN_BLOCK_CAPTURE_AUTORELEASING = YES;
				CLANG_WARN_BOOL_CONVERSION = YES;
				CLANG_WARN_COMMA = YES;
				CLANG_WARN_CONSTANT_CONVERSION = YES;
				CLANG_WARN_DEPRECATED_OBJC_IMPLEMENTATIONS = YES;
				CLANG_WARN_DIRECT_OBJC_ISA_USAGE = YES_ERROR;
				CLANG_WARN_DOCUMENTATION_COMMENTS = YES;
				CLANG_WARN_EMPTY_BODY = YES;
				CLANG_WARN_ENUM_CONVERSION = YES;
				CLANG_WARN_INFINITE_RECURSION = YES;
				CLANG_WARN_INT_CONVERSION = YES;
				CLANG_WARN_NON_LITERAL_NULL_CONVERSION = YES;
				CLANG_WARN_OBJC_IMPLICIT_RETAIN_SELF = YES;
				CLANG_WARN_OBJC_LITERAL_CONVERSION = YES;
				CLANG_WARN_OBJC_ROOT_CLASS = YES_ERROR;
				CLANG_WARN_RANGE_LOOP_ANALYSIS = YES;
				CLANG_WARN_STRICT_PROTOTYPES = YES;
				CLANG_WARN_SUSPICIOUS_MOVE = YES;
				CLANG_WARN_UNGUARDED_AVAILABILITY = YES_AGGRESSIVE;
				CLANG_WARN_UNREACHABLE_CODE = YES;
				CLANG_WARN__DUPLICATE_METHOD_MATCH = YES;
				CODE_SIGN_IDENTITY = "iPhone Developer";
				COPY_PHASE_STRIP = NO;
				DEBUG_INFORMATION_FORMAT = dwarf;
				ENABLE_STRICT_OBJC_MSGSEND = YES;
				ENABLE_TESTABILITY = YES;
				GCC_C_LANGUAGE_STANDARD = gnu11;
				GCC_DYNAMIC_NO_PIC = NO;
				GCC_NO_COMMON_BLOCKS = YES;
				GCC_OPTIMIZATION_LEVEL = 0;
				GCC_PREPROCESSOR_DEFINITIONS = (
					"DEBUG=1",
					"$(inherited)",
				);
				GCC_WARN_64_TO_32_BIT_CONVERSION = YES;
				GCC_WARN_ABOUT_RETURN_TYPE = YES_ERROR;
				GCC_WARN_UNDECLARED_SELECTOR = YES;
				GCC_WARN_UNINITIALIZED_AUTOS = YES_AGGRESSIVE;
				GCC_WARN_UNUSED_FUNCTION = YES;
				GCC_WARN_UNUSED_VARIABLE = YES;
				IPHONEOS_DEPLOYMENT_TARGET = 11.4;
				MTL_ENABLE_DEBUG_INFO = YES;
				ONLY_ACTIVE_ARCH = YES;
				SDKROOT = iphoneos;
				SWIFT_ACTIVE_COMPILATION_CONDITIONS = DEBUG;
				SWIFT_OPTIMIZATION_LEVEL = "-Onone";
			};
			name = Debug;
		};
		04FCDF012225078B008FC161 /* Release */ = {
			isa = XCBuildConfiguration;
			buildSettings = {
				ALWAYS_SEARCH_USER_PATHS = NO;
				CLANG_ANALYZER_NONNULL = YES;
				CLANG_ANALYZER_NUMBER_OBJECT_CONVERSION = YES_AGGRESSIVE;
				CLANG_CXX_LANGUAGE_STANDARD = "gnu++14";
				CLANG_CXX_LIBRARY = "libc++";
				CLANG_ENABLE_MODULES = YES;
				CLANG_ENABLE_OBJC_ARC = YES;
				CLANG_ENABLE_OBJC_WEAK = YES;
				CLANG_WARN_BLOCK_CAPTURE_AUTORELEASING = YES;
				CLANG_WARN_BOOL_CONVERSION = YES;
				CLANG_WARN_COMMA = YES;
				CLANG_WARN_CONSTANT_CONVERSION = YES;
				CLANG_WARN_DEPRECATED_OBJC_IMPLEMENTATIONS = YES;
				CLANG_WARN_DIRECT_OBJC_ISA_USAGE = YES_ERROR;
				CLANG_WARN_DOCUMENTATION_COMMENTS = YES;
				CLANG_WARN_EMPTY_BODY = YES;
				CLANG_WARN_ENUM_CONVERSION = YES;
				CLANG_WARN_INFINITE_RECURSION = YES;
				CLANG_WARN_INT_CONVERSION = YES;
				CLANG_WARN_NON_LITERAL_NULL_CONVERSION = YES;
				CLANG_WARN_OBJC_IMPLICIT_RETAIN_SELF = YES;
				CLANG_WARN_OBJC_LITERAL_CONVERSION = YES;
				CLANG_WARN_OBJC_ROOT_CLASS = YES_ERROR;
				CLANG_WARN_RANGE_LOOP_ANALYSIS = YES;
				CLANG_WARN_STRICT_PROTOTYPES = YES;
				CLANG_WARN_SUSPICIOUS_MOVE = YES;
				CLANG_WARN_UNGUARDED_AVAILABILITY = YES_AGGRESSIVE;
				CLANG_WARN_UNREACHABLE_CODE = YES;
				CLANG_WARN__DUPLICATE_METHOD_MATCH = YES;
				CODE_SIGN_IDENTITY = "iPhone Developer";
				COPY_PHASE_STRIP = NO;
				DEBUG_INFORMATION_FORMAT = "dwarf-with-dsym";
				ENABLE_NS_ASSERTIONS = NO;
				ENABLE_STRICT_OBJC_MSGSEND = YES;
				GCC_C_LANGUAGE_STANDARD = gnu11;
				GCC_NO_COMMON_BLOCKS = YES;
				GCC_WARN_64_TO_32_BIT_CONVERSION = YES;
				GCC_WARN_ABOUT_RETURN_TYPE = YES_ERROR;
				GCC_WARN_UNDECLARED_SELECTOR = YES;
				GCC_WARN_UNINITIALIZED_AUTOS = YES_AGGRESSIVE;
				GCC_WARN_UNUSED_FUNCTION = YES;
				GCC_WARN_UNUSED_VARIABLE = YES;
				IPHONEOS_DEPLOYMENT_TARGET = 11.4;
				MTL_ENABLE_DEBUG_INFO = NO;
				SDKROOT = iphoneos;
				SWIFT_COMPILATION_MODE = wholemodule;
				SWIFT_OPTIMIZATION_LEVEL = "-O";
				VALIDATE_PRODUCT = YES;
			};
			name = Release;
		};
		04FCDF032225078B008FC161 /* Debug */ = {
			isa = XCBuildConfiguration;
			buildSettings = {
				ASSETCATALOG_COMPILER_APPICON_NAME = AppIcon;
				CODE_SIGN_STYLE = Automatic;
				INFOPLIST_FILE = CmileTest/Info.plist;
				LD_RUNPATH_SEARCH_PATHS = (
					"$(inherited)",
					"@executable_path/Frameworks",
				);
				PRODUCT_BUNDLE_IDENTIFIER = "Abhishek-Rajankar.CmileTest";
				PRODUCT_NAME = "$(TARGET_NAME)";
				SWIFT_VERSION = 4.0;
				TARGETED_DEVICE_FAMILY = "1,2";
			};
			name = Debug;
		};
		04FCDF042225078B008FC161 /* Release */ = {
			isa = XCBuildConfiguration;
			buildSettings = {
				ASSETCATALOG_COMPILER_APPICON_NAME = AppIcon;
				CODE_SIGN_STYLE = Automatic;
				INFOPLIST_FILE = CmileTest/Info.plist;
				LD_RUNPATH_SEARCH_PATHS = (
					"$(inherited)",
					"@executable_path/Frameworks",
				);
				PRODUCT_BUNDLE_IDENTIFIER = "Abhishek-Rajankar.CmileTest";
				PRODUCT_NAME = "$(TARGET_NAME)";
				SWIFT_VERSION = 4.0;
				TARGETED_DEVICE_FAMILY = "1,2";
			};
			name = Release;
		};
/* End XCBuildConfiguration section */

/* Begin XCConfigurationList section */
		04FCDEEB2225078A008FC161 /* Build configuration list for PBXProject "CmileTest" */ = {
			isa = XCConfigurationList;
			buildConfigurations = (
				04FCDF002225078B008FC161 /* Debug */,
				04FCDF012225078B008FC161 /* Release */,
			);
			defaultConfigurationIsVisible = 0;
			defaultConfigurationName = Release;
		};
		04FCDF022225078B008FC161 /* Build configuration list for PBXNativeTarget "CmileTest" */ = {
			isa = XCConfigurationList;
			buildConfigurations = (
				04FCDF032225078B008FC161 /* Debug */,
				04FCDF042225078B008FC161 /* Release */,
			);
			defaultConfigurationIsVisible = 0;
			defaultConfigurationName = Release;
		};
/* End XCConfigurationList section */
	};
	rootObject = 04FCDEE82225078A008FC161 /* Project object */;
}
